
Microsoft Visual Studio Solution File, Format Version 12.00
# Visual Studio Version 17
VisualStudioVersion = 17.2.32616.157
MinimumVisualStudioVersion = 10.0.40219.1
Project("{FAE04EC0-301F-11D3-BF4B-00C04F79EFBC}") = "CustomerBase", "CustomerBase\CustomerBase.csproj", "{15466709-0F9F-4815-95C8-49D2B18898FB}"
EndProject
Global
	GlobalSection(SolutionConfigurationPlatforms) = preSolution
		Debug|Any CPU = Debug|Any CPU
		Release|Any CPU = Release|Any CPU
	EndGlobalSection
	GlobalSection(ProjectConfigurationPlatforms) = postSolution
		{15466709-0F9F-4815-95C8-49D2B18898FB}.Debug|Any CPU.ActiveCfg = Debug|Any CPU
		{15466709-0F9F-4815-95C8-49D2B18898FB}.Debug|Any CPU.Build.0 = Debug|Any CPU
		{15466709-0F9F-4815-95C8-49D2B18898FB}.Release|Any CPU.ActiveCfg = Release|Any CPU
		{15466709-0F9F-4815-95C8-49D2B18898FB}.Release|Any CPU.Build.0 = Release|Any CPU
	EndGlobalSection
	GlobalSection(SolutionProperties) = preSolution
		HideSolutionNode = FALSE
	EndGlobalSection
	GlobalSection(ExtensibilityGlobals) = postSolution
		SolutionGuid = {25763BB5-1798-4577-A6E9-62DE8BF8989C}
	EndGlobalSection
EndGlobal
